
Microsoft Visual Studio Solution File, Format Version 12.00
# Visual Studio 15
VisualStudioVersion = 15.0.26430.12
MinimumVisualStudioVersion = 10.0.40219.1
Project("{FAE04EC0-301F-11D3-BF4B-00C04F79EFBC}") = "OrderWorkerMenulog", "OrderWorkerMenulog\OrderWorkerMenulog.csproj", "{D52B1F7D-F69A-4E62-BC1F-D79417B26BE6}"
EndProject
Project("{FAE04EC0-301F-11D3-BF4B-00C04F79EFBC}") = "OrderWorkerMenulog.Models", "OrderWorkerMenulog.Models\OrderWorkerMenulog.Models.csproj", "{6C4766B2-FD49-4063-B617-B5B0C643CBCF}"
EndProject
Project("{FAE04EC0-301F-11D3-BF4B-00C04F79EFBC}") = "OrderWorkerMenulog.Services", "OrderWorkerMenulog.Services\OrderWorkerMenulog.Services.csproj", "{498F81FA-5CB7-4235-A9C1-0A1CD8F2F359}"
EndProject
Project("{FAE04EC0-301F-11D3-BF4B-00C04F79EFBC}") = "OrderWorkerMenulog.Shared", "OrderWorkerMenulog.Shared\OrderWorkerMenulog.Shared.csproj", "{8B54D804-6C75-43E8-A11E-F8F35DDDC019}"
EndProject
Global
	GlobalSection(SolutionConfigurationPlatforms) = preSolution
		Debug|Any CPU = Debug|Any CPU
		Release|Any CPU = Release|Any CPU
	EndGlobalSection
	GlobalSection(ProjectConfigurationPlatforms) = postSolution
		{D52B1F7D-F69A-4E62-BC1F-D79417B26BE6}.Debug|Any CPU.ActiveCfg = Debug|Any CPU
		{D52B1F7D-F69A-4E62-BC1F-D79417B26BE6}.Debug|Any CPU.Build.0 = Debug|Any CPU
		{D52B1F7D-F69A-4E62-BC1F-D79417B26BE6}.Release|Any CPU.ActiveCfg = Release|Any CPU
		{D52B1F7D-F69A-4E62-BC1F-D79417B26BE6}.Release|Any CPU.Build.0 = Release|Any CPU
		{6C4766B2-FD49-4063-B617-B5B0C643CBCF}.Debug|Any CPU.ActiveCfg = Debug|Any CPU
		{6C4766B2-FD49-4063-B617-B5B0C643CBCF}.Debug|Any CPU.Build.0 = Debug|Any CPU
		{6C4766B2-FD49-4063-B617-B5B0C643CBCF}.Release|Any CPU.ActiveCfg = Release|Any CPU
		{6C4766B2-FD49-4063-B617-B5B0C643CBCF}.Release|Any CPU.Build.0 = Release|Any CPU
		{498F81FA-5CB7-4235-A9C1-0A1CD8F2F359}.Debug|Any CPU.ActiveCfg = Debug|Any CPU
		{498F81FA-5CB7-4235-A9C1-0A1CD8F2F359}.Debug|Any CPU.Build.0 = Debug|Any CPU
		{498F81FA-5CB7-4235-A9C1-0A1CD8F2F359}.Release|Any CPU.ActiveCfg = Release|Any CPU
		{498F81FA-5CB7-4235-A9C1-0A1CD8F2F359}.Release|Any CPU.Build.0 = Release|Any CPU
		{8B54D804-6C75-43E8-A11E-F8F35DDDC019}.Debug|Any CPU.ActiveCfg = Debug|Any CPU
		{8B54D804-6C75-43E8-A11E-F8F35DDDC019}.Debug|Any CPU.Build.0 = Debug|Any CPU
		{8B54D804-6C75-43E8-A11E-F8F35DDDC019}.Release|Any CPU.ActiveCfg = Release|Any CPU
		{8B54D804-6C75-43E8-A11E-F8F35DDDC019}.Release|Any CPU.Build.0 = Release|Any CPU
	EndGlobalSection
	GlobalSection(SolutionProperties) = preSolution
		HideSolutionNode = FALSE
	EndGlobalSection
EndGlobal
